
Microsoft Visual Studio Solution File, Format Version 12.00
# Visual Studio Version 17
VisualStudioVersion = 17.7.34003.232
MinimumVisualStudioVersion = 10.0.40219.1
Project("{9A19103F-16F7-4668-BE54-9A1E7A4F7556}") = "TomArcherMusic", "TomArcherMusic\TomArcherMusic.csproj", "{36813E77-4D74-4F3D-8C11-239C63BE2296}"
EndProject
Project("{9A19103F-16F7-4668-BE54-9A1E7A4F7556}") = "TomArcherMusicContracts", "..\TomArcherMusicService\TomArcherMusicContracts\TomArcherMusicContracts.csproj", "{B7FDDA73-7F61-4667-8369-206D0F77E0A4}"
EndProject
Global
	GlobalSection(SolutionConfigurationPlatforms) = preSolution
		Debug|Any CPU = Debug|Any CPU
		Release|Any CPU = Release|Any CPU
	EndGlobalSection
	GlobalSection(ProjectConfigurationPlatforms) = postSolution
		{36813E77-4D74-4F3D-8C11-239C63BE2296}.Debug|Any CPU.ActiveCfg = Debug|Any CPU
		{36813E77-4D74-4F3D-8C11-239C63BE2296}.Debug|Any CPU.Build.0 = Debug|Any CPU
		{36813E77-4D74-4F3D-8C11-239C63BE2296}.Release|Any CPU.ActiveCfg = Release|Any CPU
		{36813E77-4D74-4F3D-8C11-239C63BE2296}.Release|Any CPU.Build.0 = Release|Any CPU
		{B7FDDA73-7F61-4667-8369-206D0F77E0A4}.Debug|Any CPU.ActiveCfg = Debug|Any CPU
		{B7FDDA73-7F61-4667-8369-206D0F77E0A4}.Debug|Any CPU.Build.0 = Debug|Any CPU
		{B7FDDA73-7F61-4667-8369-206D0F77E0A4}.Release|Any CPU.ActiveCfg = Release|Any CPU
		{B7FDDA73-7F61-4667-8369-206D0F77E0A4}.Release|Any CPU.Build.0 = Release|Any CPU
	EndGlobalSection
	GlobalSection(SolutionProperties) = preSolution
		HideSolutionNode = FALSE
	EndGlobalSection
	GlobalSection(ExtensibilityGlobals) = postSolution
		SolutionGuid = {DC80DC4A-8109-4FDD-A09E-5CD70075D917}
	EndGlobalSection
EndGlobal
